# THIS IS AN AUTOGENERATED FILE. DO NOT EDIT THIS FILE DIRECTLY.
# yarn lockfile v1


"@types/uuid-validate@^0.0.3":
  version "0.0.3"
  resolved "https://registry.yarnpkg.com/@types/uuid-validate/-/uuid-validate-0.0.3.tgz#33f95a33ea776606862cc6eea3a8d49ccb90cba6"
  integrity sha512-htkuv1+RZjjHkSrXets3a6kqDeqgYutBtdER3U6I1mWV58AIsDFWoUuN0cB6DMOWiqTHK0XqH3pXeqIVfJIrog==

uuid-validate@^0.0.3:
  version "0.0.3"
  resolved "https://registry.yarnpkg.com/uuid-validate/-/uuid-validate-0.0.3.tgz#e30617f75dc742a0e4f95012a11540faf9d39ab4"
  integrity sha512-Fykw5U4eZESbq739BeLvEBFRuJODfrlmjx5eJux7W817LjRaq4b7/i4t2zxQmhcX+fAj4nMfRdTzO4tmwLKn0w==
